{
  "version": 4,
  "terraform_version": "1.14.7",
  "serial": 11,
  "lineage": "169cc3d0-a531-f3a2-37cb-f57a2672805c",
  "outputs": {
    "webapp_url": {
      "value": null,
      "type": "string"
    }
  },
  "resources": [
    {
      "mode": "managed",
      "type": "azurerm_resource_group",
      "name": "rg",
      "provider": "provider[\"registry.terraform.io/hashicorp/azurerm\"]",
      "instances": [
        {
          "schema_version": 0,
          "attributes": {
            "id": "/subscriptions/40fb8581-28e7-4ea9-aefb-31ff22777a94/resourceGroups/iac-webapp-958ao_group",
            "location": "australiaeast",
            "managed_by": "",
            "name": "iac-webapp-958ao_group",
            "tags": {},
            "timeouts": null
          },
          "sensitive_attributes": [],
          "identity_schema_version": 0,
          "identity": {
            "name": "iac-webapp-958ao_group",
            "subscription_id": "40fb8581-28e7-4ea9-aefb-31ff22777a94"
          },
          "private": "eyJlMmJmYjczMC1lY2FhLTExZTYtOGY4OC0zNDM2M2JjN2M0YzAiOnsiY3JlYXRlIjo1NDAwMDAwMDAwMDAwLCJkZWxldGUiOjU0MDAwMDAwMDAwMDAsInJlYWQiOjMwMDAwMDAwMDAwMCwidXBkYXRlIjo1NDAwMDAwMDAwMDAwfSwic2NoZW1hX3ZlcnNpb24iOiIwIn0="
        }
      ]
    }
  ],
  "check_results": null
}
