{
  "version": 4,
  "terraform_version": "1.14.7",
  "serial": 3,
  "lineage": "169cc3d0-a531-f3a2-37cb-f57a2672805c",
  "outputs": {
    "webapp_url": {
      "value": "https://iac-webapp-958ao-ajhde7hnfkfegtf2.australiasoutheast-01.azurewebsites.net",
      "type": "string"
    }
  },
  "resources": [
    {
      "mode": "managed",
      "type": "azurerm_app_service",
      "name": "webapp",
      "provider": "provider[\"registry.terraform.io/hashicorp/azurerm\"]",
      "instances": [
        {
          "schema_version": 0,
          "attributes": {
            "app_service_plan_id": "/subscriptions/40fb8581-28e7-4ea9-aefb-31ff22777a94/resourceGroups/iac-webapp-958ao_group/providers/Microsoft.Web/serverFarms/ASP-iacwebapp958aogroup-b82a",
            "app_settings": {},
            "auth_settings": [
              {
                "active_directory": [],
                "additional_login_params": {},
                "allowed_external_redirect_urls": [],
                "default_provider": "",
                "enabled": false,
                "facebook": [],
                "google": [],
                "issuer": "",
                "microsoft": [],
                "runtime_version": "",
                "token_refresh_extension_hours": 0,
                "token_store_enabled": false,
                "twitter": [],
                "unauthenticated_client_action": ""
              }
            ],
            "backup": [],
            "client_affinity_enabled": false,
            "client_cert_enabled": false,
            "client_cert_mode": "Required",
            "connection_string": [],
            "custom_domain_verification_id": "C2CB6FC82B0822DA7C9C29787B6D1F0E9824D3A33E3B944BEF1C0AE79EFA7484",
            "default_site_hostname": "iac-webapp-958ao-ajhde7hnfkfegtf2.australiasoutheast-01.azurewebsites.net",
            "enabled": true,
            "https_only": true,
            "id": "/subscriptions/40fb8581-28e7-4ea9-aefb-31ff22777a94/resourceGroups/iac-webapp-958ao_group/providers/Microsoft.Web/sites/iac-webapp-958ao",
            "identity": [],
            "key_vault_reference_identity_id": "SystemAssigned",
            "location": "australiasoutheast",
            "logs": [
              {
                "application_logs": [
                  {
                    "azure_blob_storage": [],
                    "file_system_level": "Off"
                  }
                ],
                "detailed_error_messages_enabled": false,
                "failed_request_tracing_enabled": false,
                "http_logs": [
                  {
                    "azure_blob_storage": [],
                    "file_system": []
                  }
                ]
              }
            ],
            "name": "iac-webapp-958ao",
            "outbound_ip_address_list": [
              "20.11.179.176",
              "20.11.181.89",
              "20.11.183.29",
              "20.11.183.40",
              "20.11.181.177",
              "20.11.182.66",
              "20.11.180.28",
              "20.11.180.60",
              "20.11.180.251",
              "20.11.181.35",
              "20.11.180.123",
              "20.11.180.202",
              "13.77.50.113"
            ],
            "outbound_ip_addresses": "20.11.179.176,20.11.181.89,20.11.183.29,20.11.183.40,20.11.181.177,20.11.182.66,20.11.180.28,20.11.180.60,20.11.180.251,20.11.181.35,20.11.180.123,20.11.180.202,13.77.50.113",
            "possible_outbound_ip_address_list": [
              "20.11.179.176",
              "20.11.181.89",
              "20.11.183.29",
              "20.11.183.40",
              "20.11.181.177",
              "20.11.182.66",
              "20.11.180.28",
              "20.11.180.60",
              "20.11.180.251",
              "20.11.181.35",
              "20.11.180.123",
              "20.11.180.202",
              "20.11.183.91",
              "20.11.180.122",
              "20.11.180.222",
              "20.11.181.34",
              "20.11.182.21",
              "20.11.181.109",
              "20.11.181.120",
              "20.11.181.135",
              "20.11.183.209",
              "20.11.183.58",
              "20.11.181.123",
              "20.11.180.168",
              "20.11.181.137",
              "20.11.179.129",
              "20.11.179.60",
              "20.11.181.222",
              "20.11.182.163",
              "20.11.182.210",
              "13.77.50.113"
            ],
            "possible_outbound_ip_addresses": "20.11.179.176,20.11.181.89,20.11.183.29,20.11.183.40,20.11.181.177,20.11.182.66,20.11.180.28,20.11.180.60,20.11.180.251,20.11.181.35,20.11.180.123,20.11.180.202,20.11.183.91,20.11.180.122,20.11.180.222,20.11.181.34,20.11.182.21,20.11.181.109,20.11.181.120,20.11.181.135,20.11.183.209,20.11.183.58,20.11.181.123,20.11.180.168,20.11.181.137,20.11.179.129,20.11.179.60,20.11.181.222,20.11.182.163,20.11.182.210,13.77.50.113",
            "resource_group_name": "iac-webapp-958ao_group",
            "site_config": [
              {
                "acr_use_managed_identity_credentials": false,
                "acr_user_managed_identity_client_id": "",
                "always_on": false,
                "app_command_line": "",
                "auto_swap_slot_name": "",
                "cors": [],
                "default_documents": [
                  "Default.htm",
                  "Default.html",
                  "Default.asp",
                  "index.htm",
                  "index.html",
                  "iisstart.htm",
                  "default.aspx",
                  "index.php",
                  "hostingstart.html"
                ],
                "dotnet_framework_version": "v4.0",
                "ftps_state": "FtpsOnly",
                "health_check_path": "",
                "http2_enabled": false,
                "ip_restriction": [],
                "java_container": "",
                "java_container_version": "",
                "java_version": "",
                "linux_fx_version": "NODE|22-lts",
                "local_mysql_enabled": false,
                "managed_pipeline_mode": "Integrated",
                "min_tls_version": "1.2",
                "number_of_workers": 1,
                "php_version": "",
                "python_version": "",
                "remote_debugging_enabled": false,
                "remote_debugging_version": "",
                "scm_ip_restriction": [],
                "scm_type": "None",
                "scm_use_main_ip_restriction": false,
                "use_32_bit_worker_process": true,
                "vnet_route_all_enabled": false,
                "websockets_enabled": false,
                "windows_fx_version": ""
              }
            ],
            "site_credential": [
              {
                "password": "St7Kv4kwNNk4rmg8DxjDKoaCZoXmpDJJqluWYkeP1NgHf19yWMiBdlPbirAg",
                "username": "$iac-webapp-958ao"
              }
            ],
            "source_control": [
              {
                "branch": "main",
                "manual_integration": false,
                "repo_url": "",
                "rollback_enabled": false,
                "use_mercurial": false
              }
            ],
            "storage_account": [],
            "tags": {},
            "timeouts": null
          },
          "sensitive_attributes": [],
          "identity_schema_version": 0,
          "private": "eyJlMmJmYjczMC1lY2FhLTExZTYtOGY4OC0zNDM2M2JjN2M0YzAiOnsiY3JlYXRlIjoxODAwMDAwMDAwMDAwLCJkZWxldGUiOjE4MDAwMDAwMDAwMDAsInJlYWQiOjMwMDAwMDAwMDAwMCwidXBkYXRlIjoxODAwMDAwMDAwMDAwfSwic2NoZW1hX3ZlcnNpb24iOiIwIn0="
        }
      ]
    },
    {
      "mode": "managed",
      "type": "azurerm_app_service_plan",
      "name": "app_plan",
      "provider": "provider[\"registry.terraform.io/hashicorp/azurerm\"]",
      "instances": [
        {
          "schema_version": 1,
          "attributes": {
            "app_service_environment_id": "",
            "id": "/subscriptions/40fb8581-28e7-4ea9-aefb-31ff22777a94/resourceGroups/iac-webapp-958ao_group/providers/Microsoft.Web/serverFarms/ASP-iacwebapp958aogroup-b82a",
            "is_xenon": false,
            "kind": "linux",
            "location": "australiasoutheast",
            "maximum_elastic_worker_count": 1,
            "maximum_number_of_workers": 1,
            "name": "ASP-iacwebapp958aogroup-b82a",
            "per_site_scaling": false,
            "reserved": true,
            "resource_group_name": "iac-webapp-958ao_group",
            "sku": [
              {
                "capacity": 1,
                "size": "F1",
                "tier": "Free"
              }
            ],
            "tags": {},
            "timeouts": null,
            "zone_redundant": false
          },
          "sensitive_attributes": [],
          "identity_schema_version": 0,
          "private": "eyJlMmJmYjczMC1lY2FhLTExZTYtOGY4OC0zNDM2M2JjN2M0YzAiOnsiY3JlYXRlIjozNjAwMDAwMDAwMDAwLCJkZWxldGUiOjM2MDAwMDAwMDAwMDAsInJlYWQiOjMwMDAwMDAwMDAwMCwidXBkYXRlIjozNjAwMDAwMDAwMDAwfSwic2NoZW1hX3ZlcnNpb24iOiIxIn0="
        }
      ]
    },
    {
      "mode": "managed",
      "type": "azurerm_resource_group",
      "name": "rg",
      "provider": "provider[\"registry.terraform.io/hashicorp/azurerm\"]",
      "instances": [
        {
          "schema_version": 0,
          "attributes": {
            "id": "/subscriptions/40fb8581-28e7-4ea9-aefb-31ff22777a94/resourceGroups/iac-webapp-958ao_group",
            "location": "australiasoutheast",
            "managed_by": "",
            "name": "iac-webapp-958ao_group",
            "tags": {},
            "timeouts": null
          },
          "sensitive_attributes": [],
          "identity_schema_version": 0,
          "identity": {
            "name": "iac-webapp-958ao_group",
            "subscription_id": "40fb8581-28e7-4ea9-aefb-31ff22777a94"
          },
          "private": "eyJlMmJmYjczMC1lY2FhLTExZTYtOGY4OC0zNDM2M2JjN2M0YzAiOnsiY3JlYXRlIjo1NDAwMDAwMDAwMDAwLCJkZWxldGUiOjU0MDAwMDAwMDAwMDAsInJlYWQiOjMwMDAwMDAwMDAwMCwidXBkYXRlIjo1NDAwMDAwMDAwMDAwfSwic2NoZW1hX3ZlcnNpb24iOiIwIn0="
        }
      ]
    }
  ],
  "check_results": null
}
