{
  "version": 4,
  "terraform_version": "1.14.7",
  "serial": 14,
  "lineage": "169cc3d0-a531-f3a2-37cb-f57a2672805c",
  "outputs": {
    "webapp_url": {
      "value": "https://iac-webapp-958rm.azurewebsites.net",
      "type": "string"
    }
  },
  "resources": [
    {
      "mode": "managed",
      "type": "azurerm_app_service",
      "name": "webapp",
      "provider": "provider[\"registry.terraform.io/hashicorp/azurerm\"]",
      "instances": [
        {
          "schema_version": 0,
          "attributes": {
            "app_service_plan_id": "/subscriptions/40fb8581-28e7-4ea9-aefb-31ff22777a94/resourceGroups/iac-webapp-958ao_group/providers/Microsoft.Web/serverFarms/iac-service-plan",
            "app_settings": {
              "WEBSITE_RUN_FROM_PACKAGE": "1"
            },
            "auth_settings": [
              {
                "active_directory": [],
                "additional_login_params": {},
                "allowed_external_redirect_urls": [],
                "default_provider": "",
                "enabled": false,
                "facebook": [],
                "google": [],
                "issuer": "",
                "microsoft": [],
                "runtime_version": "",
                "token_refresh_extension_hours": 0,
                "token_store_enabled": false,
                "twitter": [],
                "unauthenticated_client_action": ""
              }
            ],
            "backup": [],
            "client_affinity_enabled": false,
            "client_cert_enabled": false,
            "client_cert_mode": "Required",
            "connection_string": [],
            "custom_domain_verification_id": "C2CB6FC82B0822DA7C9C29787B6D1F0E9824D3A33E3B944BEF1C0AE79EFA7484",
            "default_site_hostname": "iac-webapp-958rm.azurewebsites.net",
            "enabled": true,
            "https_only": false,
            "id": "/subscriptions/40fb8581-28e7-4ea9-aefb-31ff22777a94/resourceGroups/iac-webapp-958ao_group/providers/Microsoft.Web/sites/iac-webapp-958RM",
            "identity": [],
            "key_vault_reference_identity_id": "SystemAssigned",
            "location": "australiaeast",
            "logs": [
              {
                "application_logs": [
                  {
                    "azure_blob_storage": [],
                    "file_system_level": "Off"
                  }
                ],
                "detailed_error_messages_enabled": false,
                "failed_request_tracing_enabled": false,
                "http_logs": [
                  {
                    "azure_blob_storage": [],
                    "file_system": []
                  }
                ]
              }
            ],
            "name": "iac-webapp-958RM",
            "outbound_ip_address_list": [
              "4.196.29.45",
              "4.196.29.69",
              "4.196.29.2",
              "4.196.29.99",
              "4.196.29.109",
              "4.196.29.170",
              "20.53.154.195",
              "20.53.154.216",
              "20.53.154.224",
              "20.53.154.233",
              "20.53.155.146",
              "20.53.155.211",
              "20.37.196.200"
            ],
            "outbound_ip_addresses": "4.196.29.45,4.196.29.69,4.196.29.2,4.196.29.99,4.196.29.109,4.196.29.170,20.53.154.195,20.53.154.216,20.53.154.224,20.53.154.233,20.53.155.146,20.53.155.211,20.37.196.200",
            "possible_outbound_ip_address_list": [
              "4.196.29.45",
              "4.196.29.69",
              "4.196.29.2",
              "4.196.29.99",
              "4.196.29.109",
              "4.196.29.170",
              "20.53.154.195",
              "20.53.154.216",
              "20.53.154.224",
              "20.53.154.233",
              "20.53.155.146",
              "20.53.155.211",
              "20.53.155.232",
              "20.53.125.100",
              "20.53.155.251",
              "20.53.156.57",
              "20.53.156.65",
              "20.53.156.98",
              "20.53.156.132",
              "20.53.156.161",
              "20.53.156.167",
              "20.53.156.169",
              "20.53.156.214",
              "20.53.126.0",
              "20.53.90.144",
              "20.53.90.238",
              "20.53.91.15",
              "20.53.92.119",
              "20.53.74.162",
              "20.53.107.59",
              "20.37.196.200"
            ],
            "possible_outbound_ip_addresses": "4.196.29.45,4.196.29.69,4.196.29.2,4.196.29.99,4.196.29.109,4.196.29.170,20.53.154.195,20.53.154.216,20.53.154.224,20.53.154.233,20.53.155.146,20.53.155.211,20.53.155.232,20.53.125.100,20.53.155.251,20.53.156.57,20.53.156.65,20.53.156.98,20.53.156.132,20.53.156.161,20.53.156.167,20.53.156.169,20.53.156.214,20.53.126.0,20.53.90.144,20.53.90.238,20.53.91.15,20.53.92.119,20.53.74.162,20.53.107.59,20.37.196.200",
            "resource_group_name": "iac-webapp-958ao_group",
            "site_config": [
              {
                "acr_use_managed_identity_credentials": false,
                "acr_user_managed_identity_client_id": "",
                "always_on": false,
                "app_command_line": "",
                "auto_swap_slot_name": "",
                "cors": [
                  {
                    "allowed_origins": [],
                    "support_credentials": false
                  }
                ],
                "default_documents": null,
                "dotnet_framework_version": "v4.0",
                "ftps_state": "FtpsOnly",
                "health_check_path": "",
                "http2_enabled": false,
                "ip_restriction": [],
                "java_container": "",
                "java_container_version": "",
                "java_version": "",
                "linux_fx_version": "NODE|22-lts",
                "local_mysql_enabled": false,
                "managed_pipeline_mode": "Integrated",
                "min_tls_version": "1.2",
                "number_of_workers": 1,
                "php_version": "",
                "python_version": "",
                "remote_debugging_enabled": false,
                "remote_debugging_version": "VS2022",
                "scm_ip_restriction": [],
                "scm_type": "None",
                "scm_use_main_ip_restriction": false,
                "use_32_bit_worker_process": false,
                "vnet_route_all_enabled": false,
                "websockets_enabled": false,
                "windows_fx_version": ""
              }
            ],
            "site_credential": [
              {
                "password": "fhyLAA6ynlWmPlSfDrs6u4bqgKuleeiiiabg6pgs4XbctR2Zrgb5WYMMxqaM",
                "username": "$iac-webapp-958RM"
              }
            ],
            "source_control": [
              {
                "branch": "main",
                "manual_integration": false,
                "repo_url": "",
                "rollback_enabled": false,
                "use_mercurial": false
              }
            ],
            "storage_account": [],
            "tags": null,
            "timeouts": null
          },
          "sensitive_attributes": [],
          "identity_schema_version": 0,
          "private": "eyJlMmJmYjczMC1lY2FhLTExZTYtOGY4OC0zNDM2M2JjN2M0YzAiOnsiY3JlYXRlIjoxODAwMDAwMDAwMDAwLCJkZWxldGUiOjE4MDAwMDAwMDAwMDAsInJlYWQiOjMwMDAwMDAwMDAwMCwidXBkYXRlIjoxODAwMDAwMDAwMDAwfX0=",
          "dependencies": [
            "azurerm_app_service_plan.app_plan",
            "azurerm_resource_group.rg"
          ]
        }
      ]
    },
    {
      "mode": "managed",
      "type": "azurerm_app_service_plan",
      "name": "app_plan",
      "provider": "provider[\"registry.terraform.io/hashicorp/azurerm\"]",
      "instances": [
        {
          "schema_version": 1,
          "attributes": {
            "app_service_environment_id": "",
            "id": "/subscriptions/40fb8581-28e7-4ea9-aefb-31ff22777a94/resourceGroups/iac-webapp-958ao_group/providers/Microsoft.Web/serverFarms/iac-service-plan",
            "is_xenon": false,
            "kind": "linux",
            "location": "australiaeast",
            "maximum_elastic_worker_count": 1,
            "maximum_number_of_workers": 3,
            "name": "iac-service-plan",
            "per_site_scaling": false,
            "reserved": true,
            "resource_group_name": "iac-webapp-958ao_group",
            "sku": [
              {
                "capacity": 1,
                "size": "B1",
                "tier": "Basic"
              }
            ],
            "tags": null,
            "timeouts": null,
            "zone_redundant": false
          },
          "sensitive_attributes": [],
          "identity_schema_version": 0,
          "private": "eyJlMmJmYjczMC1lY2FhLTExZTYtOGY4OC0zNDM2M2JjN2M0YzAiOnsiY3JlYXRlIjozNjAwMDAwMDAwMDAwLCJkZWxldGUiOjM2MDAwMDAwMDAwMDAsInJlYWQiOjMwMDAwMDAwMDAwMCwidXBkYXRlIjozNjAwMDAwMDAwMDAwfSwic2NoZW1hX3ZlcnNpb24iOiIxIn0=",
          "dependencies": [
            "azurerm_resource_group.rg"
          ]
        }
      ]
    },
    {
      "mode": "managed",
      "type": "azurerm_resource_group",
      "name": "rg",
      "provider": "provider[\"registry.terraform.io/hashicorp/azurerm\"]",
      "instances": [
        {
          "schema_version": 0,
          "attributes": {
            "id": "/subscriptions/40fb8581-28e7-4ea9-aefb-31ff22777a94/resourceGroups/iac-webapp-958ao_group",
            "location": "australiaeast",
            "managed_by": "",
            "name": "iac-webapp-958ao_group",
            "tags": {},
            "timeouts": null
          },
          "sensitive_attributes": [],
          "identity_schema_version": 0,
          "identity": {
            "name": "iac-webapp-958ao_group",
            "subscription_id": "40fb8581-28e7-4ea9-aefb-31ff22777a94"
          },
          "private": "eyJlMmJmYjczMC1lY2FhLTExZTYtOGY4OC0zNDM2M2JjN2M0YzAiOnsiY3JlYXRlIjo1NDAwMDAwMDAwMDAwLCJkZWxldGUiOjU0MDAwMDAwMDAwMDAsInJlYWQiOjMwMDAwMDAwMDAwMCwidXBkYXRlIjo1NDAwMDAwMDAwMDAwfSwic2NoZW1hX3ZlcnNpb24iOiIwIn0="
        }
      ]
    }
  ],
  "check_results": null
}
